{
  "name": "tinydi-docs-app",
  "version": "0.0.0",
  "lockfileVersion": 3,
  "requires": true,
  "packages": {
    "": {
      "name": "tinydi-docs-app",
      "version": "0.0.0",
      "hasInstallScript": true,
      "devDependencies": {
        "@fontsource-variable/archivo": "^5.3.0",
        "@fontsource-variable/spline-sans-mono": "^5.3.0"
      }
    },
    "node_modules/@fontsource-variable/archivo": {
      "version": "5.3.0",
      "resolved": "https://registry.npmjs.org/@fontsource-variable/archivo/-/archivo-5.3.0.tgz",
      "integrity": "sha512-HogK8FJelrD1o7TlZlkIVtHgc20bO5PZRWE7mUeUTdMN055alznQV6/00J00IBeu8FQAH4s3zW9UJNvKExXf+g==",
      "dev": true,
      "license": "OFL-1.1",
      "funding": {
        "url": "https://github.com/sponsors/ayuhito"
      }
    },
    "node_modules/@fontsource-variable/spline-sans-mono": {
      "version": "5.3.0",
      "resolved": "https://registry.npmjs.org/@fontsource-variable/spline-sans-mono/-/spline-sans-mono-5.3.0.tgz",
      "integrity": "sha512-dH/qBj/MCE4ObiuCwlA9X1o3AftMO9dwfFgoRVYjy6VCPYkpWAlEtK/RjeyICgsR8rW763IAQARskVgShBY5JA==",
      "dev": true,
      "license": "OFL-1.1",
      "funding": {
        "url": "https://github.com/sponsors/ayuhito"
      }
    }
  }
}
